// !$*UTF8*$!
{
	archiveVersion = 1;
	classes = {
	};
	objectVersion = 50;
	objects = {

/* Begin PBXBuildFile section */
		1AE3B8A7251C31F700B5C2BA /* iPadCornerApp.swift in Sources */ = {isa = PBXBuildFile; fileRef = 1AE3B8A6251C31F700B5C2BA /* iPadCornerApp.swift */; };
		1AE3B8A9251C31F700B5C2BA /* ContentView.swift in Sources */ = {isa = PBXBuildFile; fileRef = 1AE3B8A8251C31F700B5C2BA /* ContentView.swift */; };
		1AE3B8AB251C31F700B5C2BA /* Assets.xcassets in Resources */ = {isa = PBXBuildFile; fileRef = 1AE3B8AA251C31F700B5C2BA /* Assets.xcassets */; };
		1AE3B8AE251C31F700B5C2BA /* Preview Assets.xcassets in Resources */ = {isa = PBXBuildFile; fileRef = 1AE3B8AD251C31F700B5C2BA /* Preview Assets.xcassets */; };
		1AE3B8B9251C31F800B5C2BA /* iPadCornerTests.swift in Sources */ = {isa = PBXBuildFile; fileRef = 1AE3B8B8251C31F800B5C2BA /* iPadCornerTests.swift */; };
		1AE3B8C4251C31F800B5C2BA /* iPadCornerUITests.swift in Sources */ = {isa = PBXBuildFile; fileRef = 1AE3B8C3251C31F800B5C2BA /* iPadCornerUITests.swift */; };
/* End PBXBuildFile section */

/* Begin PBXContainerItemProxy section */
		1AE3B8B5251C31F800B5C2BA /* PBXContainerItemProxy */ = {
			isa = PBXContainerItemProxy;
			containerPortal = 1AE3B89B251C31F600B5C2BA /* Project object */;
			proxyType = 1;
			remoteGlobalIDString = 1AE3B8A2251C31F600B5C2BA;
			remoteInfo = iPadCorner;
		};
		1AE3B8C0251C31F800B5C2BA /* PBXContainerItemProxy */ = {
			isa = PBXContainerItemProxy;
			containerPortal = 1AE3B89B251C31F600B5C2BA /* Project object */;
			proxyType = 1;
			remoteGlobalIDString = 1AE3B8A2251C31F600B5C2BA;
			remoteInfo = iPadCorner;
		};
/* End PBXContainerItemProxy section */

/* Begin PBXFileReference section */
		1AE3B8A3251C31F600B5C2BA /* iPadCorner.app */ = {isa = PBXFileReference; explicitFileType = wrapper.application; includeInIndex = 0; path = iPadCorner.app; sourceTree = BUILT_PRODUCTS_DIR; };
		1AE3B8A6251C31F700B5C2BA /* iPadCornerApp.swift */ = {isa = PBXFileReference; lastKnownFileType = sourcecode.swift; path = iPadCornerApp.swift; sourceTree = "<group>"; };
		1AE3B8A8251C31F700B5C2BA /* ContentView.swift */ = {isa = PBXFileReference; lastKnownFileType = sourcecode.swift; path = ContentView.swift; sourceTree = "<group>"; };
		1AE3B8AA251C31F700B5C2BA /* Assets.xcassets */ = {isa = PBXFileReference; lastKnownFileType = folder.assetcatalog; path = Assets.xcassets; sourceTree = "<group>"; };
		1AE3B8AD251C31F700B5C2BA /* Preview Assets.xcassets */ = {isa = PBXFileReference; lastKnownFileType = folder.assetcatalog; path = "Preview Assets.xcassets"; sourceTree = "<group>"; };
		1AE3B8AF251C31F700B5C2BA /* Info.plist */ = {isa = PBXFileReference; lastKnownFileType = text.plist.xml; path = Info.plist; sourceTree = "<group>"; };
		1AE3B8B4251C31F800B5C2BA /* iPadCornerTests.xctest */ = {isa = PBXFileReference; explicitFileType = wrapper.cfbundle; includeInIndex = 0; path = iPadCornerTests.xctest; sourceTree = BUILT_PRODUCTS_DIR; };
		1AE3B8B8251C31F800B5C2BA /* iPadCornerTests.swift */ = {isa = PBXFileReference; lastKnownFileType = sourcecode.swift; path = iPadCornerTests.swift; sourceTree = "<group>"; };
		1AE3B8BA251C31F800B5C2BA /* Info.plist */ = {isa = PBXFileReference; lastKnownFileType = text.plist.xml; path = Info.plist; sourceTree = "<group>"; };
		1AE3B8BF251C31F800B5C2BA /* iPadCornerUITests.xctest */ = {isa = PBXFileReference; explicitFileType = wrapper.cfbundle; includeInIndex = 0; path = iPadCornerUITests.xctest; sourceTree = BUILT_PRODUCTS_DIR; };
		1AE3B8C3251C31F800B5C2BA /* iPadCornerUITests.swift */ = {isa = PBXFileReference; lastKnownFileType = sourcecode.swift; path = iPadCornerUITests.swift; sourceTree = "<group>"; };
		1AE3B8C5251C31F800B5C2BA /* Info.plist */ = {isa = PBXFileReference; lastKnownFileType = text.plist.xml; path = Info.plist; sourceTree = "<group>"; };
/* End PBXFileReference section */

/* Begin PBXFrameworksBuildPhase section */
		1AE3B8A0251C31F600B5C2BA /* Frameworks */ = {
			isa = PBXFrameworksBuildPhase;
			buildActionMask = 2147483647;
			files = (
			);
			runOnlyForDeploymentPostprocessing = 0;
		};
		1AE3B8B1251C31F800B5C2BA /* Frameworks */ = {
			isa = PBXFrameworksBuildPhase;
			buildActionMask = 2147483647;
			files = (
			);
			runOnlyForDeploymentPostprocessing = 0;
		};
		1AE3B8BC251C31F800B5C2BA /* Frameworks */ = {
			isa = PBXFrameworksBuildPhase;
			buildActionMask = 2147483647;
			files = (
			);
			runOnlyForDeploymentPostprocessing = 0;
		};
/* End PBXFrameworksBuildPhase section */

/* Begin PBXGroup section */
		1AE3B89A251C31F600B5C2BA = {
			isa = PBXGroup;
			children = (
				1AE3B8A5251C31F600B5C2BA /* iPadCorner */,
				1AE3B8B7251C31F800B5C2BA /* iPadCornerTests */,
				1AE3B8C2251C31F800B5C2BA /* iPadCornerUITests */,
				1AE3B8A4251C31F600B5C2BA /* Products */,
			);
			sourceTree = "<group>";
		};
		1AE3B8A4251C31F600B5C2BA /* Products */ = {
			isa = PBXGroup;
			children = (
				1AE3B8A3251C31F600B5C2BA /* iPadCorner.app */,
				1AE3B8B4251C31F800B5C2BA /* iPadCornerTests.xctest */,
				1AE3B8BF251C31F800B5C2BA /* iPadCornerUITests.xctest */,
			);
			name = Products;
			sourceTree = "<group>";
		};
		1AE3B8A5251C31F600B5C2BA /* iPadCorner */ = {
			isa = PBXGroup;
			children = (
				1AE3B8A6251C31F700B5C2BA /* iPadCornerApp.swift */,
				1AE3B8A8251C31F700B5C2BA /* ContentView.swift */,
				1AE3B8AA251C31F700B5C2BA /* Assets.xcassets */,
				1AE3B8AF251C31F700B5C2BA /* Info.plist */,
				1AE3B8AC251C31F700B5C2BA /* Preview Content */,
			);
			path = iPadCorner;
			sourceTree = "<group>";
		};
		1AE3B8AC251C31F700B5C2BA /* Preview Content */ = {
			isa = PBXGroup;
			children = (
				1AE3B8AD251C31F700B5C2BA /* Preview Assets.xcassets */,
			);
			path = "Preview Content";
			sourceTree = "<group>";
		};
		1AE3B8B7251C31F800B5C2BA /* iPadCornerTests */ = {
			isa = PBXGroup;
			children = (
				1AE3B8B8251C31F800B5C2BA /* iPadCornerTests.swift */,
				1AE3B8BA251C31F800B5C2BA /* Info.plist */,
			);
			path = iPadCornerTests;
			sourceTree = "<group>";
		};
		1AE3B8C2251C31F800B5C2BA /* iPadCornerUITests */ = {
			isa = PBXGroup;
			children = (
				1AE3B8C3251C31F800B5C2BA /* iPadCornerUITests.swift */,
				1AE3B8C5251C31F800B5C2BA /* Info.plist */,
			);
			path = iPadCornerUITests;
			sourceTree = "<group>";
		};
/* End PBXGroup section */

/* Begin PBXNativeTarget section */
		1AE3B8A2251C31F600B5C2BA /* iPadCorner */ = {
			isa = PBXNativeTarget;
			buildConfigurationList = 1AE3B8C8251C31F800B5C2BA /* Build configuration list for PBXNativeTarget "iPadCorner" */;
			buildPhases = (
				1AE3B89F251C31F600B5C2BA /* Sources */,
				1AE3B8A0251C31F600B5C2BA /* Frameworks */,
				1AE3B8A1251C31F600B5C2BA /* Resources */,
			);
			buildRules = (
			);
			dependencies = (
			);
			name = iPadCorner;
			productName = iPadCorner;
			productReference = 1AE3B8A3251C31F600B5C2BA /* iPadCorner.app */;
			productType = "com.apple.product-type.application";
		};
		1AE3B8B3251C31F800B5C2BA /* iPadCornerTests */ = {
			isa = PBXNativeTarget;
			buildConfigurationList = 1AE3B8CB251C31F800B5C2BA /* Build configuration list for PBXNativeTarget "iPadCornerTests" */;
			buildPhases = (
				1AE3B8B0251C31F800B5C2BA /* Sources */,
				1AE3B8B1251C31F800B5C2BA /* Frameworks */,
				1AE3B8B2251C31F800B5C2BA /* Resources */,
			);
			buildRules = (
			);
			dependencies = (
				1AE3B8B6251C31F800B5C2BA /* PBXTargetDependency */,
			);
			name = iPadCornerTests;
			productName = iPadCornerTests;
			productReference = 1AE3B8B4251C31F800B5C2BA /* iPadCornerTests.xctest */;
			productType = "com.apple.product-type.bundle.unit-test";
		};
		1AE3B8BE251C31F800B5C2BA /* iPadCornerUITests */ = {
			isa = PBXNativeTarget;
			buildConfigurationList = 1AE3B8CE251C31F800B5C2BA /* Build configuration list for PBXNativeTarget "iPadCornerUITests" */;
			buildPhases = (
				1AE3B8BB251C31F800B5C2BA /* Sources */,
				1AE3B8BC251C31F800B5C2BA /* Frameworks */,
				1AE3B8BD251C31F800B5C2BA /* Resources */,
			);
			buildRules = (
			);
			dependencies = (
				1AE3B8C1251C31F800B5C2BA /* PBXTargetDependency */,
			);
			name = iPadCornerUITests;
			productName = iPadCornerUITests;
			productReference = 1AE3B8BF251C31F800B5C2BA /* iPadCornerUITests.xctest */;
			productType = "com.apple.product-type.bundle.ui-testing";
		};
/* End PBXNativeTarget section */

/* Begin PBXProject section */
		1AE3B89B251C31F600B5C2BA /* Project object */ = {
			isa = PBXProject;
			attributes = {
				LastSwiftUpdateCheck = 1200;
				LastUpgradeCheck = 1200;
				TargetAttributes = {
					1AE3B8A2251C31F600B5C2BA = {
						CreatedOnToolsVersion = 12.0;
					};
					1AE3B8B3251C31F800B5C2BA = {
						CreatedOnToolsVersion = 12.0;
						TestTargetID = 1AE3B8A2251C31F600B5C2BA;
					};
					1AE3B8BE251C31F800B5C2BA = {
						CreatedOnToolsVersion = 12.0;
						TestTargetID = 1AE3B8A2251C31F600B5C2BA;
					};
				};
			};
			buildConfigurationList = 1AE3B89E251C31F600B5C2BA /* Build configuration list for PBXProject "iPadCorner" */;
			compatibilityVersion = "Xcode 9.3";
			developmentRegion = en;
			hasScannedForEncodings = 0;
			knownRegions = (
				en,
				Base,
			);
			mainGroup = 1AE3B89A251C31F600B5C2BA;
			productRefGroup = 1AE3B8A4251C31F600B5C2BA /* Products */;
			projectDirPath = "";
			projectRoot = "";
			targets = (
				1AE3B8A2251C31F600B5C2BA /* iPadCorner */,
				1AE3B8B3251C31F800B5C2BA /* iPadCornerTests */,
				1AE3B8BE251C31F800B5C2BA /* iPadCornerUITests */,
			);
		};
/* End PBXProject section */

/* Begin PBXResourcesBuildPhase section */
		1AE3B8A1251C31F600B5C2BA /* Resources */ = {
			isa = PBXResourcesBuildPhase;
			buildActionMask = 2147483647;
			files = (
				1AE3B8AE251C31F700B5C2BA /* Preview Assets.xcassets in Resources */,
				1AE3B8AB251C31F700B5C2BA /* Assets.xcassets in Resources */,
			);
			runOnlyForDeploymentPostprocessing = 0;
		};
		1AE3B8B2251C31F800B5C2BA /* Resources */ = {
			isa = PBXResourcesBuildPhase;
			buildActionMask = 2147483647;
			files = (
			);
			runOnlyForDeploymentPostprocessing = 0;
		};
		1AE3B8BD251C31F800B5C2BA /* Resources */ = {
			isa = PBXResourcesBuildPhase;
			buildActionMask = 2147483647;
			files = (
			);
			runOnlyForDeploymentPostprocessing = 0;
		};
/* End PBXResourcesBuildPhase section */

/* Begin PBXSourcesBuildPhase section */
		1AE3B89F251C31F600B5C2BA /* Sources */ = {
			isa = PBXSourcesBuildPhase;
			buildActionMask = 2147483647;
			files = (
				1AE3B8A9251C31F700B5C2BA /* ContentView.swift in Sources */,
				1AE3B8A7251C31F700B5C2BA /* iPadCornerApp.swift in Sources */,
			);
			runOnlyForDeploymentPostprocessing = 0;
		};
		1AE3B8B0251C31F800B5C2BA /* Sources */ = {
			isa = PBXSourcesBuildPhase;
			buildActionMask = 2147483647;
			files = (
				1AE3B8B9251C31F800B5C2BA /* iPadCornerTests.swift in Sources */,
			);
			runOnlyForDeploymentPostprocessing = 0;
		};
		1AE3B8BB251C31F800B5C2BA /* Sources */ = {
			isa = PBXSourcesBuildPhase;
			buildActionMask = 2147483647;
			files = (
				1AE3B8C4251C31F800B5C2BA /* iPadCornerUITests.swift in Sources */,
			);
			runOnlyForDeploymentPostprocessing = 0;
		};
/* End PBXSourcesBuildPhase section */

/* Begin PBXTargetDependency section */
		1AE3B8B6251C31F800B5C2BA /* PBXTargetDependency */ = {
			isa = PBXTargetDependency;
			target = 1AE3B8A2251C31F600B5C2BA /* iPadCorner */;
			targetProxy = 1AE3B8B5251C31F800B5C2BA /* PBXContainerItemProxy */;
		};
		1AE3B8C1251C31F800B5C2BA /* PBXTargetDependency */ = {
			isa = PBXTargetDependency;
			target = 1AE3B8A2251C31F600B5C2BA /* iPadCorner */;
			targetProxy = 1AE3B8C0251C31F800B5C2BA /* PBXContainerItemProxy */;
		};
/* End PBXTargetDependency section */

/* Begin XCBuildConfiguration section */
		1AE3B8C6251C31F800B5C2BA /* Debug */ = {
			isa = XCBuildConfiguration;
			buildSettings = {
				ALWAYS_SEARCH_USER_PATHS = NO;
				CLANG_ANALYZER_NONNULL = YES;
				CLANG_ANALYZER_NUMBER_OBJECT_CONVERSION = YES_AGGRESSIVE;
				CLANG_CXX_LANGUAGE_STANDARD = "gnu++14";
				CLANG_CXX_LIBRARY = "libc++";
				CLANG_ENABLE_MODULES = YES;
				CLANG_ENABLE_OBJC_ARC = YES;
				CLANG_ENABLE_OBJC_WEAK = YES;
				CLANG_WARN_BLOCK_CAPTURE_AUTORELEASING = YES;
				CLANG_WARN_BOOL_CONVERSION = YES;
				CLANG_WARN_COMMA = YES;
				CLANG_WARN_CONSTANT_CONVERSION = YES;
				CLANG_WARN_DEPRECATED_OBJC_IMPLEMENTATIONS = YES;
				CLANG_WARN_DIRECT_OBJC_ISA_USAGE = YES_ERROR;
				CLANG_WARN_DOCUMENTATION_COMMENTS = YES;
				CLANG_WARN_EMPTY_BODY = YES;
				CLANG_WARN_ENUM_CONVERSION = YES;
				CLANG_WARN_INFINITE_RECURSION = YES;
				CLANG_WARN_INT_CONVERSION = YES;
				CLANG_WARN_NON_LITERAL_NULL_CONVERSION = YES;
				CLANG_WARN_OBJC_IMPLICIT_RETAIN_SELF = YES;
				CLANG_WARN_OBJC_LITERAL_CONVERSION = YES;
				CLANG_WARN_OBJC_ROOT_CLASS = YES_ERROR;
				CLANG_WARN_QUOTED_INCLUDE_IN_FRAMEWORK_HEADER = YES;
				CLANG_WARN_RANGE_LOOP_ANALYSIS = YES;
				CLANG_WARN_STRICT_PROTOTYPES = YES;
				CLANG_WARN_SUSPICIOUS_MOVE = YES;
				CLANG_WARN_UNGUARDED_AVAILABILITY = YES_AGGRESSIVE;
				CLANG_WARN_UNREACHABLE_CODE = YES;
				CLANG_WARN__DUPLICATE_METHOD_MATCH = YES;
				COPY_PHASE_STRIP = NO;
				DEBUG_INFORMATION_FORMAT = dwarf;
				ENABLE_STRICT_OBJC_MSGSEND = YES;
				ENABLE_TESTABILITY = YES;
				GCC_C_LANGUAGE_STANDARD = gnu11;
				GCC_DYNAMIC_NO_PIC = NO;
				GCC_NO_COMMON_BLOCKS = YES;
				GCC_OPTIMIZATION_LEVEL = 0;
				GCC_PREPROCESSOR_DEFINITIONS = (
					"DEBUG=1",
					"$(inherited)",
				);
				GCC_WARN_64_TO_32_BIT_CONVERSION = YES;
				GCC_WARN_ABOUT_RETURN_TYPE = YES_ERROR;
				GCC_WARN_UNDECLARED_SELECTOR = YES;
				GCC_WARN_UNINITIALIZED_AUTOS = YES_AGGRESSIVE;
				GCC_WARN_UNUSED_FUNCTION = YES;
				GCC_WARN_UNUSED_VARIABLE = YES;
				IPHONEOS_DEPLOYMENT_TARGET = 14.0;
				MTL_ENABLE_DEBUG_INFO = INCLUDE_SOURCE;
				MTL_FAST_MATH = YES;
				ONLY_ACTIVE_ARCH = YES;
				SDKROOT = iphoneos;
				SWIFT_ACTIVE_COMPILATION_CONDITIONS = DEBUG;
				SWIFT_OPTIMIZATION_LEVEL = "-Onone";
			};
			name = Debug;
		};
		1AE3B8C7251C31F800B5C2BA /* Release */ = {
			isa = XCBuildConfiguration;
			buildSettings = {
				ALWAYS_SEARCH_USER_PATHS = NO;
				CLANG_ANALYZER_NONNULL = YES;
				CLANG_ANALYZER_NUMBER_OBJECT_CONVERSION = YES_AGGRESSIVE;
				CLANG_CXX_LANGUAGE_STANDARD = "gnu++14";
				CLANG_CXX_LIBRARY = "libc++";
				CLANG_ENABLE_MODULES = YES;
				CLANG_ENABLE_OBJC_ARC = YES;
				CLANG_ENABLE_OBJC_WEAK = YES;
				CLANG_WARN_BLOCK_CAPTURE_AUTORELEASING = YES;
				CLANG_WARN_BOOL_CONVERSION = YES;
				CLANG_WARN_COMMA = YES;
				CLANG_WARN_CONSTANT_CONVERSION = YES;
				CLANG_WARN_DEPRECATED_OBJC_IMPLEMENTATIONS = YES;
				CLANG_WARN_DIRECT_OBJC_ISA_USAGE = YES_ERROR;
				CLANG_WARN_DOCUMENTATION_COMMENTS = YES;
				CLANG_WARN_EMPTY_BODY = YES;
				CLANG_WARN_ENUM_CONVERSION = YES;
				CLANG_WARN_INFINITE_RECURSION = YES;
				CLANG_WARN_INT_CONVERSION = YES;
				CLANG_WARN_NON_LITERAL_NULL_CONVERSION = YES;
				CLANG_WARN_OBJC_IMPLICIT_RETAIN_SELF = YES;
				CLANG_WARN_OBJC_LITERAL_CONVERSION = YES;
				CLANG_WARN_OBJC_ROOT_CLASS = YES_ERROR;
				CLANG_WARN_QUOTED_INCLUDE_IN_FRAMEWORK_HEADER = YES;
				CLANG_WARN_RANGE_LOOP_ANALYSIS = YES;
				CLANG_WARN_STRICT_PROTOTYPES = YES;
				CLANG_WARN_SUSPICIOUS_MOVE = YES;
				CLANG_WARN_UNGUARDED_AVAILABILITY = YES_AGGRESSIVE;
				CLANG_WARN_UNREACHABLE_CODE = YES;
				CLANG_WARN__DUPLICATE_METHOD_MATCH = YES;
				COPY_PHASE_STRIP = NO;
				DEBUG_INFORMATION_FORMAT = "dwarf-with-dsym";
				ENABLE_NS_ASSERTIONS = NO;
				ENABLE_STRICT_OBJC_MSGSEND = YES;
				GCC_C_LANGUAGE_STANDARD = gnu11;
				GCC_NO_COMMON_BLOCKS = YES;
				GCC_WARN_64_TO_32_BIT_CONVERSION = YES;
				GCC_WARN_ABOUT_RETURN_TYPE = YES_ERROR;
				GCC_WARN_UNDECLARED_SELECTOR = YES;
				GCC_WARN_UNINITIALIZED_AUTOS = YES_AGGRESSIVE;
				GCC_WARN_UNUSED_FUNCTION = YES;
				GCC_WARN_UNUSED_VARIABLE = YES;
				IPHONEOS_DEPLOYMENT_TARGET = 14.0;
				MTL_ENABLE_DEBUG_INFO = NO;
				MTL_FAST_MATH = YES;
				SDKROOT = iphoneos;
				SWIFT_COMPILATION_MODE = wholemodule;
				SWIFT_OPTIMIZATION_LEVEL = "-O";
				VALIDATE_PRODUCT = YES;
			};
			name = Release;
		};
		1AE3B8C9251C31F800B5C2BA /* Debug */ = {
			isa = XCBuildConfiguration;
			buildSettings = {
				ASSETCATALOG_COMPILER_APPICON_NAME = AppIcon;
				ASSETCATALOG_COMPILER_GLOBAL_ACCENT_COLOR_NAME = AccentColor;
				CODE_SIGN_STYLE = Automatic;
				DEVELOPMENT_ASSET_PATHS = "\"iPadCorner/Preview Content\"";
				DEVELOPMENT_TEAM = RC4896G7US;
				ENABLE_PREVIEWS = YES;
				INFOPLIST_FILE = iPadCorner/Info.plist;
				IPHONEOS_DEPLOYMENT_TARGET = 14.0;
				LD_RUNPATH_SEARCH_PATHS = (
					"$(inherited)",
					"@executable_path/Frameworks",
				);
				PRODUCT_BUNDLE_IDENTIFIER = com.AmirPahadi.iPadCorner;
				PRODUCT_NAME = "$(TARGET_NAME)";
				SWIFT_VERSION = 5.0;
				TARGETED_DEVICE_FAMILY = "1,2";
			};
			name = Debug;
		};
		1AE3B8CA251C31F800B5C2BA /* Release */ = {
			isa = XCBuildConfiguration;
			buildSettings = {
				ASSETCATALOG_COMPILER_APPICON_NAME = AppIcon;
				ASSETCATALOG_COMPILER_GLOBAL_ACCENT_COLOR_NAME = AccentColor;
				CODE_SIGN_STYLE = Automatic;
				DEVELOPMENT_ASSET_PATHS = "\"iPadCorner/Preview Content\"";
				DEVELOPMENT_TEAM = RC4896G7US;
				ENABLE_PREVIEWS = YES;
				INFOPLIST_FILE = iPadCorner/Info.plist;
				IPHONEOS_DEPLOYMENT_TARGET = 14.0;
				LD_RUNPATH_SEARCH_PATHS = (
					"$(inherited)",
					"@executable_path/Frameworks",
				);
				PRODUCT_BUNDLE_IDENTIFIER = com.AmirPahadi.iPadCorner;
				PRODUCT_NAME = "$(TARGET_NAME)";
				SWIFT_VERSION = 5.0;
				TARGETED_DEVICE_FAMILY = "1,2";
			};
			name = Release;
		};
		1AE3B8CC251C31F800B5C2BA /* Debug */ = {
			isa = XCBuildConfiguration;
			buildSettings = {
				ALWAYS_EMBED_SWIFT_STANDARD_LIBRARIES = YES;
				BUNDLE_LOADER = "$(TEST_HOST)";
				CODE_SIGN_STYLE = Automatic;
				DEVELOPMENT_TEAM = RC4896G7US;
				INFOPLIST_FILE = iPadCornerTests/Info.plist;
				IPHONEOS_DEPLOYMENT_TARGET = 14.0;
				LD_RUNPATH_SEARCH_PATHS = (
					"$(inherited)",
					"@executable_path/Frameworks",
					"@loader_path/Frameworks",
				);
				PRODUCT_BUNDLE_IDENTIFIER = com.AmirPahadi.iPadCornerTests;
				PRODUCT_NAME = "$(TARGET_NAME)";
				SWIFT_VERSION = 5.0;
				TARGETED_DEVICE_FAMILY = "1,2";
				TEST_HOST = "$(BUILT_PRODUCTS_DIR)/iPadCorner.app/iPadCorner";
			};
			name = Debug;
		};
		1AE3B8CD251C31F800B5C2BA /* Release */ = {
			isa = XCBuildConfiguration;
			buildSettings = {
				ALWAYS_EMBED_SWIFT_STANDARD_LIBRARIES = YES;
				BUNDLE_LOADER = "$(TEST_HOST)";
				CODE_SIGN_STYLE = Automatic;
				DEVELOPMENT_TEAM = RC4896G7US;
				INFOPLIST_FILE = iPadCornerTests/Info.plist;
				IPHONEOS_DEPLOYMENT_TARGET = 14.0;
				LD_RUNPATH_SEARCH_PATHS = (
					"$(inherited)",
					"@executable_path/Frameworks",
					"@loader_path/Frameworks",
				);
				PRODUCT_BUNDLE_IDENTIFIER = com.AmirPahadi.iPadCornerTests;
				PRODUCT_NAME = "$(TARGET_NAME)";
				SWIFT_VERSION = 5.0;
				TARGETED_DEVICE_FAMILY = "1,2";
				TEST_HOST = "$(BUILT_PRODUCTS_DIR)/iPadCorner.app/iPadCorner";
			};
			name = Release;
		};
		1AE3B8CF251C31F800B5C2BA /* Debug */ = {
			isa = XCBuildConfiguration;
			buildSettings = {
				ALWAYS_EMBED_SWIFT_STANDARD_LIBRARIES = YES;
				CODE_SIGN_STYLE = Automatic;
				DEVELOPMENT_TEAM = RC4896G7US;
				INFOPLIST_FILE = iPadCornerUITests/Info.plist;
				LD_RUNPATH_SEARCH_PATHS = (
					"$(inherited)",
					"@executable_path/Frameworks",
					"@loader_path/Frameworks",
				);
				PRODUCT_BUNDLE_IDENTIFIER = com.AmirPahadi.iPadCornerUITests;
				PRODUCT_NAME = "$(TARGET_NAME)";
				SWIFT_VERSION = 5.0;
				TARGETED_DEVICE_FAMILY = "1,2";
				TEST_TARGET_NAME = iPadCorner;
			};
			name = Debug;
		};
		1AE3B8D0251C31F800B5C2BA /* Release */ = {
			isa = XCBuildConfiguration;
			buildSettings = {
				ALWAYS_EMBED_SWIFT_STANDARD_LIBRARIES = YES;
				CODE_SIGN_STYLE = Automatic;
				DEVELOPMENT_TEAM = RC4896G7US;
				INFOPLIST_FILE = iPadCornerUITests/Info.plist;
				LD_RUNPATH_SEARCH_PATHS = (
					"$(inherited)",
					"@executable_path/Frameworks",
					"@loader_path/Frameworks",
				);
				PRODUCT_BUNDLE_IDENTIFIER = com.AmirPahadi.iPadCornerUITests;
				PRODUCT_NAME = "$(TARGET_NAME)";
				SWIFT_VERSION = 5.0;
				TARGETED_DEVICE_FAMILY = "1,2";
				TEST_TARGET_NAME = iPadCorner;
			};
			name = Release;
		};
/* End XCBuildConfiguration section */

/* Begin XCConfigurationList section */
		1AE3B89E251C31F600B5C2BA /* Build configuration list for PBXProject "iPadCorner" */ = {
			isa = XCConfigurationList;
			buildConfigurations = (
				1AE3B8C6251C31F800B5C2BA /* Debug */,
				1AE3B8C7251C31F800B5C2BA /* Release */,
			);
			defaultConfigurationIsVisible = 0;
			defaultConfigurationName = Release;
		};
		1AE3B8C8251C31F800B5C2BA /* Build configuration list for PBXNativeTarget "iPadCorner" */ = {
			isa = XCConfigurationList;
			buildConfigurations = (
				1AE3B8C9251C31F800B5C2BA /* Debug */,
				1AE3B8CA251C31F800B5C2BA /* Release */,
			);
			defaultConfigurationIsVisible = 0;
			defaultConfigurationName = Release;
		};
		1AE3B8CB251C31F800B5C2BA /* Build configuration list for PBXNativeTarget "iPadCornerTests" */ = {
			isa = XCConfigurationList;
			buildConfigurations = (
				1AE3B8CC251C31F800B5C2BA /* Debug */,
				1AE3B8CD251C31F800B5C2BA /* Release */,
			);
			defaultConfigurationIsVisible = 0;
			defaultConfigurationName = Release;
		};
		1AE3B8CE251C31F800B5C2BA /* Build configuration list for PBXNativeTarget "iPadCornerUITests" */ = {
			isa = XCConfigurationList;
			buildConfigurations = (
				1AE3B8CF251C31F800B5C2BA /* Debug */,
				1AE3B8D0251C31F800B5C2BA /* Release */,
			);
			defaultConfigurationIsVisible = 0;
			defaultConfigurationName = Release;
		};
/* End XCConfigurationList section */
	};
	rootObject = 1AE3B89B251C31F600B5C2BA /* Project object */;
}
